{
    "name": "notes-app",
    "version": "1.0.0",
    "lockfileVersion": 1,
    "requires": true,
    "dependencies": {
        "ansi-regex": {
            "version": "3.0.0",
            "resolved": "https://registry.npmjs.org/ansi-regex/-/ansi-regex-3.0.0.tgz",
            "integrity": "sha1-7QMXwyIGT3lGbAKWa922Bas32Zg="
        },
        "chalk": {
            "version": "2.4.1",
            "resolved": "https://registry.npmjs.org/chalk/-/chalk-2.4.1.tgz",
            "integrity": "sha512-ObN6h1v2fTJSmUXoS3nMQ92LbDK9be4TV+6G+omQlGJFdcUX5heKi1LZ1YnRMIgwTLEj3E24bT6tYni50rlCfQ==",
            "requires": {
                "ansi-styles": "^3.2.1",
                "escape-string-regexp": "^1.0.5",
                "supports-color": "^5.3.0"
            }
        },
        "dependencies": {
            "ansi-regex": {
                "version": "2.1.1",
                "resolved": "https://registry.npmjs.org/ansi-regex/-/ansi-regex-2.1.1.tgz",
                "integrity": "sha1-w7M6te42DYbg5ijwRorn7yfWVN8="
            },
            "yargs": {
                "version": "12.0.2",
                "resolved": "https://registry.npmjs.org/yargs/-/yargs-12.0.2.tgz",
                "integrity": "sha512-e7SkEx6N6SIZ5c5H22RTZae61qtn3PYUE8JYbBFlK9sYmh3DMQ6E5ygtaG/2BW0JZi4WGgTR2IV5ChqlqrDGVQ==",
                "requires": {
                    "cliui": "^4.0.0",
                    "decamelize": "^2.0.0",
                    "find-up": "^3.0.0",
                    "get-caller-file": "^1.0.1",
                    "os-locale": "^3.0.0",
                    "require-directory": "^2.1.1",
                    "require-main-filename": "^1.0.1",
                    "set-blocking": "^2.0.0",
                    "string-width": "^2.0.0",
                    "which-module": "^2.0.0",
                    "y18n": "^3.2.1 || ^4.0.0",
                    "yargs-parser": "^10.1.0"
                }
            },
            "yargs-parser": {
                "version": "10.1.0",
                "resolved": "https://registry.npmjs.org/yargs-parser/-/yargs-parser-10.1.0.tgz",
                "integrity": "sha512-VCIyR1wJoEBZUqk5PA+oOBF6ypbwh5aNB3I50guxAL/quggdfs4TtNHQrSazFA3fYZ+tEqfs0zIGlv0c/rgjbQ==",
                "requires": {
                    "camelcase": "^4.1.0"
                }
            }
        }
    }
}